// !$*UTF8*$!
{
	archiveVersion = 1;
	classes = {
	};
	objectVersion = 46;
	objects = {

/* Begin PBXBuildFile section */
		9DB3847F1F068B0700F93DD8 /* main.m in Sources */ = {isa = PBXBuildFile; fileRef = 9DB3847E1F068B0700F93DD8 /* main.m */; };
		9DB384821F068B0700F93DD8 /* AppDelegate.m in Sources */ = {isa = PBXBuildFile; fileRef = 9DB384811F068B0700F93DD8 /* AppDelegate.m */; };
		9DB384851F068B0700F93DD8 /* ViewController.m in Sources */ = {isa = PBXBuildFile; fileRef = 9DB384841F068B0700F93DD8 /* ViewController.m */; };
		9DB384881F068B0700F93DD8 /* Main.storyboard in Resources */ = {isa = PBXBuildFile; fileRef = 9DB384861F068B0700F93DD8 /* Main.storyboard */; };
		9DB3848A1F068B0700F93DD8 /* Assets.xcassets in Resources */ = {isa = PBXBuildFile; fileRef = 9DB384891F068B0700F93DD8 /* Assets.xcassets */; };
		9DB3848D1F068B0700F93DD8 /* LaunchScreen.storyboard in Resources */ = {isa = PBXBuildFile; fileRef = 9DB3848B1F068B0700F93DD8 /* LaunchScreen.storyboard */; };
		E8AD336426A9A4F95CA92A34 /* Pods_InstallerPuts.framework in Frameworks */ = {isa = PBXBuildFile; fileRef = 873B75BA46A842CB0BAF8405 /* Pods_InstallerPuts.framework */; };
/* End PBXBuildFile section */

/* Begin PBXFileReference section */
		480A13BCB2721851C607F3F2 /* Pods-InstallerPuts.debug.xcconfig */ = {isa = PBXFileReference; includeInIndex = 1; lastKnownFileType = text.xcconfig; name = "Pods-InstallerPuts.debug.xcconfig"; path = "Pods/Target Support Files/Pods-InstallerPuts/Pods-InstallerPuts.debug.xcconfig"; sourceTree = "<group>"; };
		7394D5963FB13E98D340FA2D /* installer.methods */ = {isa = PBXFileReference; includeInIndex = 1; name = installer.methods; path = ../installer.methods; sourceTree = "<group>"; };
		873B75BA46A842CB0BAF8405 /* Pods_InstallerPuts.framework */ = {isa = PBXFileReference; explicitFileType = wrapper.framework; includeInIndex = 0; path = Pods_InstallerPuts.framework; sourceTree = BUILT_PRODUCTS_DIR; };
		8CCC12148B33A8DDBDF97B30 /* Pods-InstallerPuts.release.xcconfig */ = {isa = PBXFileReference; includeInIndex = 1; lastKnownFileType = text.xcconfig; name = "Pods-InstallerPuts.release.xcconfig"; path = "Pods/Target Support Files/Pods-InstallerPuts/Pods-InstallerPuts.release.xcconfig"; sourceTree = "<group>"; };
		9DB3847A1F068B0700F93DD8 /* InstallerPuts.app */ = {isa = PBXFileReference; explicitFileType = wrapper.application; includeInIndex = 0; path = InstallerPuts.app; sourceTree = BUILT_PRODUCTS_DIR; };
		9DB3847E1F068B0700F93DD8 /* main.m */ = {isa = PBXFileReference; lastKnownFileType = sourcecode.c.objc; path = main.m; sourceTree = "<group>"; };
		9DB384801F068B0700F93DD8 /* AppDelegate.h */ = {isa = PBXFileReference; lastKnownFileType = sourcecode.c.h; path = AppDelegate.h; sourceTree = "<group>"; };
		9DB384811F068B0700F93DD8 /* AppDelegate.m */ = {isa = PBXFileReference; lastKnownFileType = sourcecode.c.objc; path = AppDelegate.m; sourceTree = "<group>"; };
		9DB384831F068B0700F93DD8 /* ViewController.h */ = {isa = PBXFileReference; lastKnownFileType = sourcecode.c.h; path = ViewController.h; sourceTree = "<group>"; };
		9DB384841F068B0700F93DD8 /* ViewController.m */ = {isa = PBXFileReference; lastKnownFileType = sourcecode.c.objc; path = ViewController.m; sourceTree = "<group>"; };
		9DB384871F068B0700F93DD8 /* Base */ = {isa = PBXFileReference; lastKnownFileType = file.storyboard; name = Base; path = Base.lproj/Main.storyboard; sourceTree = "<group>"; };
		9DB384891F068B0700F93DD8 /* Assets.xcassets */ = {isa = PBXFileReference; lastKnownFileType = folder.assetcatalog; path = Assets.xcassets; sourceTree = "<group>"; };
		9DB3848C1F068B0700F93DD8 /* Base */ = {isa = PBXFileReference; lastKnownFileType = file.storyboard; name = Base; path = Base.lproj/LaunchScreen.storyboard; sourceTree = "<group>"; };
		9DB3848E1F068B0700F93DD8 /* Info.plist */ = {isa = PBXFileReference; lastKnownFileType = text.plist.xml; path = Info.plist; sourceTree = "<group>"; };
/* End PBXFileReference section */

/* Begin PBXFrameworksBuildPhase section */
		9DB384771F068B0700F93DD8 /* Frameworks */ = {
			isa = PBXFrameworksBuildPhase;
			buildActionMask = 2147483647;
			files = (
				E8AD336426A9A4F95CA92A34 /* Pods_InstallerPuts.framework in Frameworks */,
			);
			runOnlyForDeploymentPostprocessing = 0;
		};
/* End PBXFrameworksBuildPhase section */

/* Begin PBXGroup section */
		0F4A93AD4692B03199E0FF68 /* Pods */ = {
			isa = PBXGroup;
			children = (
				480A13BCB2721851C607F3F2 /* Pods-InstallerPuts.debug.xcconfig */,
				8CCC12148B33A8DDBDF97B30 /* Pods-InstallerPuts.release.xcconfig */,
			);
			name = Pods;
			sourceTree = "<group>";
		};
		3E2EEFEADE0A98454E04677F /* Frameworks */ = {
			isa = PBXGroup;
			children = (
				873B75BA46A842CB0BAF8405 /* Pods_InstallerPuts.framework */,
			);
			name = Frameworks;
			sourceTree = "<group>";
		};
		9DB384711F068B0700F93DD8 = {
			isa = PBXGroup;
			children = (
				9DB3847C1F068B0700F93DD8 /* InstallerPuts */,
				9DB3847B1F068B0700F93DD8 /* Products */,
				0F4A93AD4692B03199E0FF68 /* Pods */,
				3E2EEFEADE0A98454E04677F /* Frameworks */,
			);
			sourceTree = "<group>";
		};
		9DB3847B1F068B0700F93DD8 /* Products */ = {
			isa = PBXGroup;
			children = (
				9DB3847A1F068B0700F93DD8 /* InstallerPuts.app */,
			);
			name = Products;
			sourceTree = "<group>";
		};
		9DB3847C1F068B0700F93DD8 /* InstallerPuts */ = {
			isa = PBXGroup;
			children = (
				9DB384801F068B0700F93DD8 /* AppDelegate.h */,
				9DB384811F068B0700F93DD8 /* AppDelegate.m */,
				9DB384941F0777F700F93DD8 /* VC */,
				9DB384861F068B0700F93DD8 /* Main.storyboard */,
				9DB384891F068B0700F93DD8 /* Assets.xcassets */,
				9DB3848B1F068B0700F93DD8 /* LaunchScreen.storyboard */,
				9DB3848E1F068B0700F93DD8 /* Info.plist */,
				9DB3847D1F068B0700F93DD8 /* Supporting Files */,
			);
			path = InstallerPuts;
			sourceTree = "<group>";
		};
		9DB3847D1F068B0700F93DD8 /* Supporting Files */ = {
			isa = PBXGroup;
			children = (
				9DB3847E1F068B0700F93DD8 /* main.m */,
			);
			name = "Supporting Files";
			sourceTree = "<group>";
		};
		9DB384941F0777F700F93DD8 /* VC */ = {
			isa = PBXGroup;
			children = (
				9DB384831F068B0700F93DD8 /* ViewController.h */,
				9DB384841F068B0700F93DD8 /* ViewController.m */,
				7394D5963FB13E98D340FA2D /* installer.methods */,
			);
			name = VC;
			sourceTree = "<group>";
		};
/* End PBXGroup section */

/* Begin PBXNativeTarget section */
		9DB384791F068B0700F93DD8 /* InstallerPuts */ = {
			isa = PBXNativeTarget;
			buildConfigurationList = 9DB384911F068B0700F93DD8 /* Build configuration list for PBXNativeTarget "InstallerPuts" */;
			buildPhases = (
				7FA766C52A024E51709EED3C /* [CP] Check Pods Manifest.lock */,
				9DB384761F068B0700F93DD8 /* Sources */,
				9DB384771F068B0700F93DD8 /* Frameworks */,
				9DB384781F068B0700F93DD8 /* Resources */,
				87174C22B4104C7A04E88FDC /* [CP] Embed Pods Frameworks */,
				B77A6B5DF6900709A93CA2E9 /* [CP] Copy Pods Resources */,
			);
			buildRules = (
			);
			dependencies = (
			);
			name = InstallerPuts;
			productName = InstallerPuts;
			productReference = 9DB3847A1F068B0700F93DD8 /* InstallerPuts.app */;
			productType = "com.apple.product-type.application";
		};
/* End PBXNativeTarget section */

/* Begin PBXProject section */
		9DB384721F068B0700F93DD8 /* Project object */ = {
			isa = PBXProject;
			attributes = {
				LastUpgradeCheck = 0830;
				ORGANIZATIONNAME = sunyanguo;
				TargetAttributes = {
					9DB384791F068B0700F93DD8 = {
						CreatedOnToolsVersion = 8.3.2;
						DevelopmentTeam = KB7B8SQENU;
						ProvisioningStyle = Automatic;
					};
				};
			};
			buildConfigurationList = 9DB384751F068B0700F93DD8 /* Build configuration list for PBXProject "InstallerPuts" */;
			compatibilityVersion = "Xcode 3.2";
			developmentRegion = English;
			hasScannedForEncodings = 0;
			knownRegions = (
				en,
				Base,
			);
			mainGroup = 9DB384711F068B0700F93DD8;
			productRefGroup = 9DB3847B1F068B0700F93DD8 /* Products */;
			projectDirPath = "";
			projectRoot = "";
			targets = (
				9DB384791F068B0700F93DD8 /* InstallerPuts */,
			);
		};
/* End PBXProject section */

/* Begin PBXResourcesBuildPhase section */
		9DB384781F068B0700F93DD8 /* Resources */ = {
			isa = PBXResourcesBuildPhase;
			buildActionMask = 2147483647;
			files = (
				9DB3848D1F068B0700F93DD8 /* LaunchScreen.storyboard in Resources */,
				9DB3848A1F068B0700F93DD8 /* Assets.xcassets in Resources */,
				9DB384881F068B0700F93DD8 /* Main.storyboard in Resources */,
			);
			runOnlyForDeploymentPostprocessing = 0;
		};
/* End PBXResourcesBuildPhase section */

/* Begin PBXShellScriptBuildPhase section */
		7FA766C52A024E51709EED3C /* [CP] Check Pods Manifest.lock */ = {
			isa = PBXShellScriptBuildPhase;
			buildActionMask = 2147483647;
			files = (
			);
			inputPaths = (
			);
			name = "[CP] Check Pods Manifest.lock";
			outputPaths = (
			);
			runOnlyForDeploymentPostprocessing = 0;
			shellPath = /bin/sh;
			shellScript = "diff \"${PODS_ROOT}/../Podfile.lock\" \"${PODS_ROOT}/Manifest.lock\" > /dev/null\nif [ $? != 0 ] ; then\n    # print error to STDERR\n    echo \"error: The sandbox is not in sync with the Podfile.lock. Run 'pod install' or update your CocoaPods installation.\" >&2\n    exit 1\nfi\n";
			showEnvVarsInLog = 0;
		};
		87174C22B4104C7A04E88FDC /* [CP] Embed Pods Frameworks */ = {
			isa = PBXShellScriptBuildPhase;
			buildActionMask = 2147483647;
			files = (
			);
			inputPaths = (
			);
			name = "[CP] Embed Pods Frameworks";
			outputPaths = (
			);
			runOnlyForDeploymentPostprocessing = 0;
			shellPath = /bin/sh;
			shellScript = "\"${SRCROOT}/Pods/Target Support Files/Pods-InstallerPuts/Pods-InstallerPuts-frameworks.sh\"\n";
			showEnvVarsInLog = 0;
		};
		B77A6B5DF6900709A93CA2E9 /* [CP] Copy Pods Resources */ = {
			isa = PBXShellScriptBuildPhase;
			buildActionMask = 2147483647;
			files = (
			);
			inputPaths = (
			);
			name = "[CP] Copy Pods Resources";
			outputPaths = (
			);
			runOnlyForDeploymentPostprocessing = 0;
			shellPath = /bin/sh;
			shellScript = "\"${SRCROOT}/Pods/Target Support Files/Pods-InstallerPuts/Pods-InstallerPuts-resources.sh\"\n";
			showEnvVarsInLog = 0;
		};
/* End PBXShellScriptBuildPhase section */

/* Begin PBXSourcesBuildPhase section */
		9DB384761F068B0700F93DD8 /* Sources */ = {
			isa = PBXSourcesBuildPhase;
			buildActionMask = 2147483647;
			files = (
				9DB384851F068B0700F93DD8 /* ViewController.m in Sources */,
				9DB384821F068B0700F93DD8 /* AppDelegate.m in Sources */,
				9DB3847F1F068B0700F93DD8 /* main.m in Sources */,
			);
			runOnlyForDeploymentPostprocessing = 0;
		};
/* End PBXSourcesBuildPhase section */

/* Begin PBXVariantGroup section */
		9DB384861F068B0700F93DD8 /* Main.storyboard */ = {
			isa = PBXVariantGroup;
			children = (
				9DB384871F068B0700F93DD8 /* Base */,
			);
			name = Main.storyboard;
			sourceTree = "<group>";
		};
		9DB3848B1F068B0700F93DD8 /* LaunchScreen.storyboard */ = {
			isa = PBXVariantGroup;
			children = (
				9DB3848C1F068B0700F93DD8 /* Base */,
			);
			name = LaunchScreen.storyboard;
			sourceTree = "<group>";
		};
/* End PBXVariantGroup section */

/* Begin XCBuildConfiguration section */
		9DB3848F1F068B0700F93DD8 /* Debug */ = {
			isa = XCBuildConfiguration;
			buildSettings = {
				ALWAYS_SEARCH_USER_PATHS = NO;
				CLANG_ANALYZER_NONNULL = YES;
				CLANG_ANALYZER_NUMBER_OBJECT_CONVERSION = YES_AGGRESSIVE;
				CLANG_CXX_LANGUAGE_STANDARD = "gnu++0x";
				CLANG_CXX_LIBRARY = "libc++";
				CLANG_ENABLE_MODULES = YES;
				CLANG_ENABLE_OBJC_ARC = YES;
				CLANG_WARN_BOOL_CONVERSION = YES;
				CLANG_WARN_CONSTANT_CONVERSION = YES;
				CLANG_WARN_DIRECT_OBJC_ISA_USAGE = YES_ERROR;
				CLANG_WARN_DOCUMENTATION_COMMENTS = YES;
				CLANG_WARN_EMPTY_BODY = YES;
				CLANG_WARN_ENUM_CONVERSION = YES;
				CLANG_WARN_INFINITE_RECURSION = YES;
				CLANG_WARN_INT_CONVERSION = YES;
				CLANG_WARN_OBJC_ROOT_CLASS = YES_ERROR;
				CLANG_WARN_SUSPICIOUS_MOVE = YES;
				CLANG_WARN_UNREACHABLE_CODE = YES;
				CLANG_WARN__DUPLICATE_METHOD_MATCH = YES;
				"CODE_SIGN_IDENTITY[sdk=iphoneos*]" = "iPhone Developer";
				COPY_PHASE_STRIP = NO;
				DEBUG_INFORMATION_FORMAT = dwarf;
				ENABLE_STRICT_OBJC_MSGSEND = YES;
				ENABLE_TESTABILITY = YES;
				GCC_C_LANGUAGE_STANDARD = gnu99;
				GCC_DYNAMIC_NO_PIC = NO;
				GCC_NO_COMMON_BLOCKS = YES;
				GCC_OPTIMIZATION_LEVEL = 0;
				GCC_PREPROCESSOR_DEFINITIONS = (
					"DEBUG=1",
					"$(inherited)",
				);
				GCC_WARN_64_TO_32_BIT_CONVERSION = YES;
				GCC_WARN_ABOUT_RETURN_TYPE = YES_ERROR;
				GCC_WARN_UNDECLARED_SELECTOR = YES;
				GCC_WARN_UNINITIALIZED_AUTOS = YES_AGGRESSIVE;
				GCC_WARN_UNUSED_FUNCTION = YES;
				GCC_WARN_UNUSED_VARIABLE = YES;
				IPHONEOS_DEPLOYMENT_TARGET = 10.3;
				MTL_ENABLE_DEBUG_INFO = YES;
				ONLY_ACTIVE_ARCH = YES;
				SDKROOT = iphoneos;
			};
			name = Debug;
		};
		9DB384901F068B0700F93DD8 /* Release */ = {
			isa = XCBuildConfiguration;
			buildSettings = {
				ALWAYS_SEARCH_USER_PATHS = NO;
				CLANG_ANALYZER_NONNULL = YES;
				CLANG_ANALYZER_NUMBER_OBJECT_CONVERSION = YES_AGGRESSIVE;
				CLANG_CXX_LANGUAGE_STANDARD = "gnu++0x";
				CLANG_CXX_LIBRARY = "libc++";
				CLANG_ENABLE_MODULES = YES;
				CLANG_ENABLE_OBJC_ARC = YES;
				CLANG_WARN_BOOL_CONVERSION = YES;
				CLANG_WARN_CONSTANT_CONVERSION = YES;
				CLANG_WARN_DIRECT_OBJC_ISA_USAGE = YES_ERROR;
				CLANG_WARN_DOCUMENTATION_COMMENTS = YES;
				CLANG_WARN_EMPTY_BODY = YES;
				CLANG_WARN_ENUM_CONVERSION = YES;
				CLANG_WARN_INFINITE_RECURSION = YES;
				CLANG_WARN_INT_CONVERSION = YES;
				CLANG_WARN_OBJC_ROOT_CLASS = YES_ERROR;
				CLANG_WARN_SUSPICIOUS_MOVE = YES;
				CLANG_WARN_UNREACHABLE_CODE = YES;
				CLANG_WARN__DUPLICATE_METHOD_MATCH = YES;
				"CODE_SIGN_IDENTITY[sdk=iphoneos*]" = "iPhone Developer";
				COPY_PHASE_STRIP = NO;
				DEBUG_INFORMATION_FORMAT = "dwarf-with-dsym";
				ENABLE_NS_ASSERTIONS = NO;
				ENABLE_STRICT_OBJC_MSGSEND = YES;
				GCC_C_LANGUAGE_STANDARD = gnu99;
				GCC_NO_COMMON_BLOCKS = YES;
				GCC_WARN_64_TO_32_BIT_CONVERSION = YES;
				GCC_WARN_ABOUT_RETURN_TYPE = YES_ERROR;
				GCC_WARN_UNDECLARED_SELECTOR = YES;
				GCC_WARN_UNINITIALIZED_AUTOS = YES_AGGRESSIVE;
				GCC_WARN_UNUSED_FUNCTION = YES;
				GCC_WARN_UNUSED_VARIABLE = YES;
				IPHONEOS_DEPLOYMENT_TARGET = 10.3;
				MTL_ENABLE_DEBUG_INFO = NO;
				SDKROOT = iphoneos;
				VALIDATE_PRODUCT = YES;
			};
			name = Release;
		};
		9DB384921F068B0700F93DD8 /* Debug */ = {
			isa = XCBuildConfiguration;
			baseConfigurationReference = 480A13BCB2721851C607F3F2 /* Pods-InstallerPuts.debug.xcconfig */;
			buildSettings = {
				ASSETCATALOG_COMPILER_APPICON_NAME = AppIcon;
				DEVELOPMENT_TEAM = KB7B8SQENU;
				INFOPLIST_FILE = InstallerPuts/Info.plist;
				LD_RUNPATH_SEARCH_PATHS = "$(inherited) @executable_path/Frameworks";
				PRODUCT_BUNDLE_IDENTIFIER = com.Lvmama.InstallerPuts;
				PRODUCT_NAME = "$(TARGET_NAME)";
			};
			name = Debug;
		};
		9DB384931F068B0700F93DD8 /* Release */ = {
			isa = XCBuildConfiguration;
			baseConfigurationReference = 8CCC12148B33A8DDBDF97B30 /* Pods-InstallerPuts.release.xcconfig */;
			buildSettings = {
				ASSETCATALOG_COMPILER_APPICON_NAME = AppIcon;
				DEVELOPMENT_TEAM = KB7B8SQENU;
				INFOPLIST_FILE = InstallerPuts/Info.plist;
				LD_RUNPATH_SEARCH_PATHS = "$(inherited) @executable_path/Frameworks";
				PRODUCT_BUNDLE_IDENTIFIER = com.Lvmama.InstallerPuts;
				PRODUCT_NAME = "$(TARGET_NAME)";
			};
			name = Release;
		};
/* End XCBuildConfiguration section */

/* Begin XCConfigurationList section */
		9DB384751F068B0700F93DD8 /* Build configuration list for PBXProject "InstallerPuts" */ = {
			isa = XCConfigurationList;
			buildConfigurations = (
				9DB3848F1F068B0700F93DD8 /* Debug */,
				9DB384901F068B0700F93DD8 /* Release */,
			);
			defaultConfigurationIsVisible = 0;
			defaultConfigurationName = Release;
		};
		9DB384911F068B0700F93DD8 /* Build configuration list for PBXNativeTarget "InstallerPuts" */ = {
			isa = XCConfigurationList;
			buildConfigurations = (
				9DB384921F068B0700F93DD8 /* Debug */,
				9DB384931F068B0700F93DD8 /* Release */,
			);
			defaultConfigurationIsVisible = 0;
			defaultConfigurationName = Release;
		};
/* End XCConfigurationList section */
	};
	rootObject = 9DB384721F068B0700F93DD8 /* Project object */;
}
